
Microsoft Visual Studio Solution File, Format Version 12.00
# Visual Studio Version 17
VisualStudioVersion = 17.11.35222.181
MinimumVisualStudioVersion = 10.0.40219.1
Project("{FAE04EC0-301F-11D3-BF4B-00C04F79EFBC}") = "GitHubTest", "GitHubTest\GitHubTest.csproj", "{D2D45065-D6D4-4D4C-A83F-92650523B9FF}"
EndProject
Global
	GlobalSection(SolutionConfigurationPlatforms) = preSolution
		Debug|Any CPU = Debug|Any CPU
		Release|Any CPU = Release|Any CPU
	EndGlobalSection
	GlobalSection(ProjectConfigurationPlatforms) = postSolution
		{D2D45065-D6D4-4D4C-A83F-92650523B9FF}.Debug|Any CPU.ActiveCfg = Debug|Any CPU
		{D2D45065-D6D4-4D4C-A83F-92650523B9FF}.Debug|Any CPU.Build.0 = Debug|Any CPU
		{D2D45065-D6D4-4D4C-A83F-92650523B9FF}.Release|Any CPU.ActiveCfg = Release|Any CPU
		{D2D45065-D6D4-4D4C-A83F-92650523B9FF}.Release|Any CPU.Build.0 = Release|Any CPU
	EndGlobalSection
	GlobalSection(SolutionProperties) = preSolution
		HideSolutionNode = FALSE
	EndGlobalSection
	GlobalSection(ExtensibilityGlobals) = postSolution
		SolutionGuid = {8F110708-B21C-43B3-B05A-1558CE11E788}
	EndGlobalSection
EndGlobal
